{
  "name": "factorial",
  "lockfileVersion": 2,
  "requires": true,
  "packages": {
    "": {
      "dependencies": {
        "math-gamma": "^1.0.2"
      }
    },
    "node_modules/const-eulergamma": {
      "version": "1.0.3",
      "resolved": "https://registry.npmjs.org/const-eulergamma/-/const-eulergamma-1.0.3.tgz",
      "integrity": "sha512-Cu63qtxvVv3iJnLECDxagBtnzPc4F2vIheu3Mqh+upCMOYyHJ6LswJOr/5mbCJ7kMeYxpO61U+Xys79toUIx+Q=="
    },
    "node_modules/const-ninf-float64": {
      "version": "1.0.0",
      "resolved": "https://registry.npmjs.org/const-ninf-float64/-/const-ninf-float64-1.0.0.tgz",
      "integrity": "sha512-zK6HyIvTUNEjuKqHeRYhHtj2uJGJ5+4tVak3uTkfkpzYt4ghYJ34So7QrrEGGx4231ZRRCGah/3EPFlDNp7aEA=="
    },
    "node_modules/const-pi": {
      "version": "1.0.3",
      "resolved": "https://registry.npmjs.org/const-pi/-/const-pi-1.0.3.tgz",
      "integrity": "sha512-i6AAZkVcCddLm8jrm/PUhOrNjfuwPemIalGsPGmgplUSz/K8m06AVGcmDqNSaaQMAHHI1ybWrDEZO9Js3Vc52g=="
    },
    "node_modules/const-pinf-float64": {
      "version": "1.0.0",
      "resolved": "https://registry.npmjs.org/const-pinf-float64/-/const-pinf-float64-1.0.0.tgz",
      "integrity": "sha512-wfs+V4HdSN7C3CWJWR7hVa24yTPn3mDJthwhRIObZBh6UjTjkUMUrCP3UrNGozB/HjTpcScnGXtQUNa+yjsIJQ=="
    },
    "node_modules/math-abs": {
      "version": "1.0.2",
      "resolved": "https://registry.npmjs.org/math-abs/-/math-abs-1.0.2.tgz",
      "integrity": "sha512-I+EJ+UWkByNqq2duZuj7h0p11SxBpZ7nw0vticgFgeUooB0SR9M+5KLARLeLxvvu/muCcx7qIBxGDE8rIIstfA=="
    },
    "node_modules/math-evalpoly": {
      "version": "1.1.0",
      "resolved": "https://registry.npmjs.org/math-evalpoly/-/math-evalpoly-1.1.0.tgz",
      "integrity": "sha512-7I4bwsByly5N1aIkCDTdK7EjiKzwsarYQ32U3nJuP5R8WLsf+4K0F6Jpxa8bPJbJyaELZpfyxZquAhdiYYf43Q=="
    },
    "node_modules/math-evalrational": {
      "version": "1.0.0",
      "resolved": "https://registry.npmjs.org/math-evalrational/-/math-evalrational-1.0.0.tgz",
      "integrity": "sha512-0CNofJQc3SwY+EXWAGOLfyNNnnozxQTswiD94afJzzLVTBPF/++1ebL3OF6YbHXpxuNPfqK1xVfkxzNSICmifw==",
      "dependencies": {
        "math-abs": "^1.0.2"
      }
    },
    "node_modules/math-exp": {
      "version": "1.0.0",
      "resolved": "https://registry.npmjs.org/math-exp/-/math-exp-1.0.0.tgz",
      "integrity": "sha512-tNer/uBYIr7z6uBMJmRf3hkoNtQPo2RVD7NbawqPC2mpfDNWDV5ucfVuTVrPvWbEdPe99Pfy4OWe05Biyk6EPg=="
    },
    "node_modules/math-floor": {
      "version": "1.0.1",
      "resolved": "https://registry.npmjs.org/math-floor/-/math-floor-1.0.1.tgz",
      "integrity": "sha512-5JLzCmymmI2y6SdFB/0C3vRDr383iLgyem/J4BZpZ8Hnjz5x6zGva9/tZlxVKzI+PPYZbaFRouDp/f1fG5STJw=="
    },
    "node_modules/math-gamma": {
      "version": "1.0.2",
      "resolved": "https://registry.npmjs.org/math-gamma/-/math-gamma-1.0.2.tgz",
      "integrity": "sha512-b4IoiOY2GuySfHF91szXEAfp0S4O2n6MXTygzACkksBlDa8nfc6jplS+M0diI+sWiZJZE1q2Hircv46Ob46uzw==",
      "dependencies": {
        "const-eulergamma": "^1.0.3",
        "const-ninf-float64": "^1.0.0",
        "const-pi": "^1.0.3",
        "const-pinf-float64": "^1.0.0",
        "math-abs": "^1.0.2",
        "math-evalpoly": "^1.1.0",
        "math-evalrational": "^1.0.0",
        "math-exp": "^1.0.0",
        "math-floor": "^1.0.0",
        "math-power": "^1.0.0",
        "math-sin": "^1.0.0"
      }
    },
    "node_modules/math-power": {
      "version": "1.0.0",
      "resolved": "https://registry.npmjs.org/math-power/-/math-power-1.0.0.tgz",
      "integrity": "sha512-uL8QmIVVX1o0NDC8fdZZrpHizocgoke/FqBEzPUxas4nHpZvbAkCq64IczWDoe9urznu0r32nsrk0r2FS0+q0A=="
    },
    "node_modules/math-sin": {
      "version": "1.0.0",
      "resolved": "https://registry.npmjs.org/math-sin/-/math-sin-1.0.0.tgz",
      "integrity": "sha512-2WPbvLlI+DDWU1k8/qnaps9Eceuj+lTBu2sAdo6WEnTM+2BhvYkJTEA3HbvqopQQGfgi9EKYlj8sERVOn16z+g=="
    }
  },
  "dependencies": {
    "const-eulergamma": {
      "version": "1.0.3",
      "resolved": "https://registry.npmjs.org/const-eulergamma/-/const-eulergamma-1.0.3.tgz",
      "integrity": "sha512-Cu63qtxvVv3iJnLECDxagBtnzPc4F2vIheu3Mqh+upCMOYyHJ6LswJOr/5mbCJ7kMeYxpO61U+Xys79toUIx+Q=="
    },
    "const-ninf-float64": {
      "version": "1.0.0",
      "resolved": "https://registry.npmjs.org/const-ninf-float64/-/const-ninf-float64-1.0.0.tgz",
      "integrity": "sha512-zK6HyIvTUNEjuKqHeRYhHtj2uJGJ5+4tVak3uTkfkpzYt4ghYJ34So7QrrEGGx4231ZRRCGah/3EPFlDNp7aEA=="
    },
    "const-pi": {
      "version": "1.0.3",
      "resolved": "https://registry.npmjs.org/const-pi/-/const-pi-1.0.3.tgz",
      "integrity": "sha512-i6AAZkVcCddLm8jrm/PUhOrNjfuwPemIalGsPGmgplUSz/K8m06AVGcmDqNSaaQMAHHI1ybWrDEZO9Js3Vc52g=="
    },
    "const-pinf-float64": {
      "version": "1.0.0",
      "resolved": "https://registry.npmjs.org/const-pinf-float64/-/const-pinf-float64-1.0.0.tgz",
      "integrity": "sha512-wfs+V4HdSN7C3CWJWR7hVa24yTPn3mDJthwhRIObZBh6UjTjkUMUrCP3UrNGozB/HjTpcScnGXtQUNa+yjsIJQ=="
    },
    "math-abs": {
      "version": "1.0.2",
      "resolved": "https://registry.npmjs.org/math-abs/-/math-abs-1.0.2.tgz",
      "integrity": "sha512-I+EJ+UWkByNqq2duZuj7h0p11SxBpZ7nw0vticgFgeUooB0SR9M+5KLARLeLxvvu/muCcx7qIBxGDE8rIIstfA=="
    },
    "math-evalpoly": {
      "version": "1.1.0",
      "resolved": "https://registry.npmjs.org/math-evalpoly/-/math-evalpoly-1.1.0.tgz",
      "integrity": "sha512-7I4bwsByly5N1aIkCDTdK7EjiKzwsarYQ32U3nJuP5R8WLsf+4K0F6Jpxa8bPJbJyaELZpfyxZquAhdiYYf43Q=="
    },
    "math-evalrational": {
      "version": "1.0.0",
      "resolved": "https://registry.npmjs.org/math-evalrational/-/math-evalrational-1.0.0.tgz",
      "integrity": "sha512-0CNofJQc3SwY+EXWAGOLfyNNnnozxQTswiD94afJzzLVTBPF/++1ebL3OF6YbHXpxuNPfqK1xVfkxzNSICmifw==",
      "requires": {
        "math-abs": "^1.0.2"
      }
    },
    "math-exp": {
      "version": "1.0.0",
      "resolved": "https://registry.npmjs.org/math-exp/-/math-exp-1.0.0.tgz",
      "integrity": "sha512-tNer/uBYIr7z6uBMJmRf3hkoNtQPo2RVD7NbawqPC2mpfDNWDV5ucfVuTVrPvWbEdPe99Pfy4OWe05Biyk6EPg=="
    },
    "math-floor": {
      "version": "1.0.1",
      "resolved": "https://registry.npmjs.org/math-floor/-/math-floor-1.0.1.tgz",
      "integrity": "sha512-5JLzCmymmI2y6SdFB/0C3vRDr383iLgyem/J4BZpZ8Hnjz5x6zGva9/tZlxVKzI+PPYZbaFRouDp/f1fG5STJw=="
    },
    "math-gamma": {
      "version": "1.0.2",
      "resolved": "https://registry.npmjs.org/math-gamma/-/math-gamma-1.0.2.tgz",
      "integrity": "sha512-b4IoiOY2GuySfHF91szXEAfp0S4O2n6MXTygzACkksBlDa8nfc6jplS+M0diI+sWiZJZE1q2Hircv46Ob46uzw==",
      "requires": {
        "const-eulergamma": "^1.0.3",
        "const-ninf-float64": "^1.0.0",
        "const-pi": "^1.0.3",
        "const-pinf-float64": "^1.0.0",
        "math-abs": "^1.0.2",
        "math-evalpoly": "^1.1.0",
        "math-evalrational": "^1.0.0",
        "math-exp": "^1.0.0",
        "math-floor": "^1.0.0",
        "math-power": "^1.0.0",
        "math-sin": "^1.0.0"
      }
    },
    "math-power": {
      "version": "1.0.0",
      "resolved": "https://registry.npmjs.org/math-power/-/math-power-1.0.0.tgz",
      "integrity": "sha512-uL8QmIVVX1o0NDC8fdZZrpHizocgoke/FqBEzPUxas4nHpZvbAkCq64IczWDoe9urznu0r32nsrk0r2FS0+q0A=="
    },
    "math-sin": {
      "version": "1.0.0",
      "resolved": "https://registry.npmjs.org/math-sin/-/math-sin-1.0.0.tgz",
      "integrity": "sha512-2WPbvLlI+DDWU1k8/qnaps9Eceuj+lTBu2sAdo6WEnTM+2BhvYkJTEA3HbvqopQQGfgi9EKYlj8sERVOn16z+g=="
    }
  }
}
